// !$*UTF8*$!
{
	archiveVersion = 1;
	classes = {
	};
	objectVersion = 55;
	objects = {

/* Begin PBXBuildFile section */
		524DE4BC29A4E70F008D1A8A /* LibManager.swift in Sources */ = {isa = PBXBuildFile; fileRef = 524DE4BB29A4E70F008D1A8A /* LibManager.swift */; };
		524DE4C629A5B952008D1A8A /* WechatAccessModel.swift in Sources */ = {isa = PBXBuildFile; fileRef = 524DE4C529A5B952008D1A8A /* WechatAccessModel.swift */; };
		524DE4CB29A85EA7008D1A8A /* BaseModel.swift in Sources */ = {isa = PBXBuildFile; fileRef = 524DE4CA29A85EA7008D1A8A /* BaseModel.swift */; };
		524DE4CF29A85F72008D1A8A /* CustomerError.swift in Sources */ = {isa = PBXBuildFile; fileRef = 524DE4CE29A85F72008D1A8A /* CustomerError.swift */; };
		524DE4D229A86579008D1A8A /* BaseExtension.swift in Sources */ = {isa = PBXBuildFile; fileRef = 524DE4D129A86579008D1A8A /* BaseExtension.swift */; };
		524DE4D629AC84B3008D1A8A /* UserInfoModel.swift in Sources */ = {isa = PBXBuildFile; fileRef = 524DE4D529AC84B3008D1A8A /* UserInfoModel.swift */; };
		524DE4DC29AD9877008D1A8A /* BaseView.swift in Sources */ = {isa = PBXBuildFile; fileRef = 524DE4DB29AD9877008D1A8A /* BaseView.swift */; };
		524DE4DE29AD989A008D1A8A /* PrivacyView.swift in Sources */ = {isa = PBXBuildFile; fileRef = 524DE4DD29AD989A008D1A8A /* PrivacyView.swift */; };
		524DE4E129ADA73C008D1A8A /* CommenLib.swift in Sources */ = {isa = PBXBuildFile; fileRef = 524DE4E029ADA73C008D1A8A /* CommenLib.swift */; };
		524DE4E329ADCD6E008D1A8A /* GradientView.swift in Sources */ = {isa = PBXBuildFile; fileRef = 524DE4E229ADCD6E008D1A8A /* GradientView.swift */; };
		524DE4E529ADE1D2008D1A8A /* PrivacyViewModel.swift in Sources */ = {isa = PBXBuildFile; fileRef = 524DE4E429ADE1D2008D1A8A /* PrivacyViewModel.swift */; };
		524DE4E729AE1AD2008D1A8A /* MainLoginView.swift in Sources */ = {isa = PBXBuildFile; fileRef = 524DE4E629AE1AD2008D1A8A /* MainLoginView.swift */; };
		524DE4EB29AE2361008D1A8A /* MineController.swift in Sources */ = {isa = PBXBuildFile; fileRef = 524DE4EA29AE2361008D1A8A /* MineController.swift */; };
		524DE4ED29AE2598008D1A8A /* RootController.swift in Sources */ = {isa = PBXBuildFile; fileRef = 524DE4EC29AE2598008D1A8A /* RootController.swift */; };
		524DE4F229B1C1D0008D1A8A /* NetworkMonitor.swift in Sources */ = {isa = PBXBuildFile; fileRef = 524DE4F129B1C1D0008D1A8A /* NetworkMonitor.swift */; };
		52713F512990DDF600BA8D11 /* AppDelegate.swift in Sources */ = {isa = PBXBuildFile; fileRef = 52713F452990DDF600BA8D11 /* AppDelegate.swift */; };
		52713F522990DDF600BA8D11 /* SceneDelegate.swift in Sources */ = {isa = PBXBuildFile; fileRef = 52713F462990DDF600BA8D11 /* SceneDelegate.swift */; };
		52713F532990DDF600BA8D11 /* Assets.xcassets in Resources */ = {isa = PBXBuildFile; fileRef = 52713F482990DDF600BA8D11 /* Assets.xcassets */; };
		52713F542990DDF600BA8D11 /* LaunchScreen.storyboard in Resources */ = {isa = PBXBuildFile; fileRef = 52713F492990DDF600BA8D11 /* LaunchScreen.storyboard */; };
		52713F5A2991F2BE00BA8D11 /* AppConfig.swift in Sources */ = {isa = PBXBuildFile; fileRef = 52713F592991F2BE00BA8D11 /* AppConfig.swift */; };
		52713F5C299242E900BA8D11 /* Navigator.swift in Sources */ = {isa = PBXBuildFile; fileRef = 52713F5B299242E900BA8D11 /* Navigator.swift */; };
		52713F632992472400BA8D11 /* BaseController.swift in Sources */ = {isa = PBXBuildFile; fileRef = 52713F622992472400BA8D11 /* BaseController.swift */; };
		52713F662992489800BA8D11 /* LoginController.swift in Sources */ = {isa = PBXBuildFile; fileRef = 52713F652992489800BA8D11 /* LoginController.swift */; };
		5275162429BC178B00341856 /* HomeCellViewModel.swift in Sources */ = {isa = PBXBuildFile; fileRef = 5275162329BC178B00341856 /* HomeCellViewModel.swift */; };
		5282EE87299B5903005710F2 /* APIServices.swift in Sources */ = {isa = PBXBuildFile; fileRef = 5282EE86299B5903005710F2 /* APIServices.swift */; };
		52BD302D29B82B4A0002DB8F /* PresentAnimator.swift in Sources */ = {isa = PBXBuildFile; fileRef = 52BD302C29B82B4A0002DB8F /* PresentAnimator.swift */; };
		52BD302F29B82CA60002DB8F /* PresentationController.swift in Sources */ = {isa = PBXBuildFile; fileRef = 52BD302E29B82CA60002DB8F /* PresentationController.swift */; };
		52BD303329B86D450002DB8F /* PresentController.swift in Sources */ = {isa = PBXBuildFile; fileRef = 52BD303229B86D450002DB8F /* PresentController.swift */; };
		52BD303B29B898940002DB8F /* ChannelClassificationModel.swift in Sources */ = {isa = PBXBuildFile; fileRef = 52BD303A29B898940002DB8F /* ChannelClassificationModel.swift */; };
		52BD303C29B899590002DB8F /* HomeController.swift in Sources */ = {isa = PBXBuildFile; fileRef = 52BD303729B898470002DB8F /* HomeController.swift */; };
		52BD303E29B89A880002DB8F /* HomeViewModel.swift in Sources */ = {isa = PBXBuildFile; fileRef = 52BD303D29B89A880002DB8F /* HomeViewModel.swift */; };
		52BD304029B9822D0002DB8F /* ActivityModel.swift in Sources */ = {isa = PBXBuildFile; fileRef = 52BD303F29B9822D0002DB8F /* ActivityModel.swift */; };
		52BD304229B9DAD50002DB8F /* HomeSubController.swift in Sources */ = {isa = PBXBuildFile; fileRef = 52BD304129B9DAD50002DB8F /* HomeSubController.swift */; };
		52BD304429BAD6A10002DB8F /* HomeCell.swift in Sources */ = {isa = PBXBuildFile; fileRef = 52BD304329BAD6A10002DB8F /* HomeCell.swift */; };
		52BD304629BAFCC60002DB8F /* HomeSubViewModel.swift in Sources */ = {isa = PBXBuildFile; fileRef = 52BD304529BAFCC60002DB8F /* HomeSubViewModel.swift */; };
		52E4F1022993803700A8FE32 /* ViewModelProtocol.swift in Sources */ = {isa = PBXBuildFile; fileRef = 52E4F1012993803700A8FE32 /* ViewModelProtocol.swift */; };
		52E4F1052993812F00A8FE32 /* LoginViewModel.swift in Sources */ = {isa = PBXBuildFile; fileRef = 52E4F1042993812F00A8FE32 /* LoginViewModel.swift */; };
		8837D74647BB43EB020835F1 /* Pods_EveryoneSpeaks.framework in Frameworks */ = {isa = PBXBuildFile; fileRef = 5873A06DE559ED7D90DAD213 /* Pods_EveryoneSpeaks.framework */; };
/* End PBXBuildFile section */

/* Begin PBXFileReference section */
		364556375CD9FE76CC3A1011 /* Pods-EveryoneSpeaks.release.xcconfig */ = {isa = PBXFileReference; includeInIndex = 1; lastKnownFileType = text.xcconfig; name = "Pods-EveryoneSpeaks.release.xcconfig"; path = "Target Support Files/Pods-EveryoneSpeaks/Pods-EveryoneSpeaks.release.xcconfig"; sourceTree = "<group>"; };
		4B1112AD1DEBA42F2AEBBD06 /* Pods-EveryoneSpeaks.debug.xcconfig */ = {isa = PBXFileReference; includeInIndex = 1; lastKnownFileType = text.xcconfig; name = "Pods-EveryoneSpeaks.debug.xcconfig"; path = "Target Support Files/Pods-EveryoneSpeaks/Pods-EveryoneSpeaks.debug.xcconfig"; sourceTree = "<group>"; };
		524DE4B929A4C8CE008D1A8A /* EveryoneSpeaks-Bridging-Header.h */ = {isa = PBXFileReference; lastKnownFileType = sourcecode.c.h; path = "EveryoneSpeaks-Bridging-Header.h"; sourceTree = "<group>"; };
		524DE4BA29A4CCF3008D1A8A /* EveryoneSpeaks.entitlements */ = {isa = PBXFileReference; lastKnownFileType = text.plist.entitlements; path = EveryoneSpeaks.entitlements; sourceTree = "<group>"; };
		524DE4BB29A4E70F008D1A8A /* LibManager.swift */ = {isa = PBXFileReference; lastKnownFileType = sourcecode.swift; path = LibManager.swift; sourceTree = "<group>"; };
		524DE4C529A5B952008D1A8A /* WechatAccessModel.swift */ = {isa = PBXFileReference; lastKnownFileType = sourcecode.swift; path = WechatAccessModel.swift; sourceTree = "<group>"; };
		524DE4CA29A85EA7008D1A8A /* BaseModel.swift */ = {isa = PBXFileReference; fileEncoding = 4; lastKnownFileType = sourcecode.swift; path = BaseModel.swift; sourceTree = "<group>"; };
		524DE4CE29A85F72008D1A8A /* CustomerError.swift */ = {isa = PBXFileReference; lastKnownFileType = sourcecode.swift; path = CustomerError.swift; sourceTree = "<group>"; };
		524DE4D129A86579008D1A8A /* BaseExtension.swift */ = {isa = PBXFileReference; lastKnownFileType = sourcecode.swift; path = BaseExtension.swift; sourceTree = "<group>"; };
		524DE4D529AC84B3008D1A8A /* UserInfoModel.swift */ = {isa = PBXFileReference; lastKnownFileType = sourcecode.swift; path = UserInfoModel.swift; sourceTree = "<group>"; };
		524DE4DB29AD9877008D1A8A /* BaseView.swift */ = {isa = PBXFileReference; lastKnownFileType = sourcecode.swift; path = BaseView.swift; sourceTree = "<group>"; };
		524DE4DD29AD989A008D1A8A /* PrivacyView.swift */ = {isa = PBXFileReference; lastKnownFileType = sourcecode.swift; path = PrivacyView.swift; sourceTree = "<group>"; };
		524DE4E029ADA73C008D1A8A /* CommenLib.swift */ = {isa = PBXFileReference; lastKnownFileType = sourcecode.swift; path = CommenLib.swift; sourceTree = "<group>"; };
		524DE4E229ADCD6E008D1A8A /* GradientView.swift */ = {isa = PBXFileReference; lastKnownFileType = sourcecode.swift; path = GradientView.swift; sourceTree = "<group>"; };
		524DE4E429ADE1D2008D1A8A /* PrivacyViewModel.swift */ = {isa = PBXFileReference; lastKnownFileType = sourcecode.swift; path = PrivacyViewModel.swift; sourceTree = "<group>"; };
		524DE4E629AE1AD2008D1A8A /* MainLoginView.swift */ = {isa = PBXFileReference; lastKnownFileType = sourcecode.swift; path = MainLoginView.swift; sourceTree = "<group>"; };
		524DE4EA29AE2361008D1A8A /* MineController.swift */ = {isa = PBXFileReference; lastKnownFileType = sourcecode.swift; path = MineController.swift; sourceTree = "<group>"; };
		524DE4EC29AE2598008D1A8A /* RootController.swift */ = {isa = PBXFileReference; lastKnownFileType = sourcecode.swift; path = RootController.swift; sourceTree = "<group>"; };
		524DE4F129B1C1D0008D1A8A /* NetworkMonitor.swift */ = {isa = PBXFileReference; lastKnownFileType = sourcecode.swift; path = NetworkMonitor.swift; sourceTree = "<group>"; };
		52713F2D2990DB7000BA8D11 /* EveryoneSpeaks.app */ = {isa = PBXFileReference; explicitFileType = wrapper.application; includeInIndex = 0; path = EveryoneSpeaks.app; sourceTree = BUILT_PRODUCTS_DIR; };
		52713F452990DDF600BA8D11 /* AppDelegate.swift */ = {isa = PBXFileReference; fileEncoding = 4; lastKnownFileType = sourcecode.swift; path = AppDelegate.swift; sourceTree = "<group>"; };
		52713F462990DDF600BA8D11 /* SceneDelegate.swift */ = {isa = PBXFileReference; fileEncoding = 4; lastKnownFileType = sourcecode.swift; path = SceneDelegate.swift; sourceTree = "<group>"; };
		52713F482990DDF600BA8D11 /* Assets.xcassets */ = {isa = PBXFileReference; lastKnownFileType = folder.assetcatalog; path = Assets.xcassets; sourceTree = "<group>"; };
		52713F4A2990DDF600BA8D11 /* Base */ = {isa = PBXFileReference; lastKnownFileType = file.storyboard; name = Base; path = Base.lproj/LaunchScreen.storyboard; sourceTree = "<group>"; };
		52713F4D2990DDF600BA8D11 /* Info.plist */ = {isa = PBXFileReference; fileEncoding = 4; lastKnownFileType = text.plist.xml; path = Info.plist; sourceTree = "<group>"; };
		52713F592991F2BE00BA8D11 /* AppConfig.swift */ = {isa = PBXFileReference; lastKnownFileType = sourcecode.swift; path = AppConfig.swift; sourceTree = "<group>"; };
		52713F5B299242E900BA8D11 /* Navigator.swift */ = {isa = PBXFileReference; lastKnownFileType = sourcecode.swift; path = Navigator.swift; sourceTree = "<group>"; };
		52713F622992472400BA8D11 /* BaseController.swift */ = {isa = PBXFileReference; lastKnownFileType = sourcecode.swift; path = BaseController.swift; sourceTree = "<group>"; };
		52713F652992489800BA8D11 /* LoginController.swift */ = {isa = PBXFileReference; lastKnownFileType = sourcecode.swift; path = LoginController.swift; sourceTree = "<group>"; };
		5275162329BC178B00341856 /* HomeCellViewModel.swift */ = {isa = PBXFileReference; lastKnownFileType = sourcecode.swift; path = HomeCellViewModel.swift; sourceTree = "<group>"; };
		5282EE86299B5903005710F2 /* APIServices.swift */ = {isa = PBXFileReference; lastKnownFileType = sourcecode.swift; path = APIServices.swift; sourceTree = "<group>"; };
		52BD302C29B82B4A0002DB8F /* PresentAnimator.swift */ = {isa = PBXFileReference; lastKnownFileType = sourcecode.swift; path = PresentAnimator.swift; sourceTree = "<group>"; };
		52BD302E29B82CA60002DB8F /* PresentationController.swift */ = {isa = PBXFileReference; lastKnownFileType = sourcecode.swift; path = PresentationController.swift; sourceTree = "<group>"; };
		52BD303229B86D450002DB8F /* PresentController.swift */ = {isa = PBXFileReference; lastKnownFileType = sourcecode.swift; path = PresentController.swift; sourceTree = "<group>"; };
		52BD303729B898470002DB8F /* HomeController.swift */ = {isa = PBXFileReference; lastKnownFileType = sourcecode.swift; path = HomeController.swift; sourceTree = "<group>"; };
		52BD303A29B898940002DB8F /* ChannelClassificationModel.swift */ = {isa = PBXFileReference; lastKnownFileType = sourcecode.swift; path = ChannelClassificationModel.swift; sourceTree = "<group>"; };
		52BD303D29B89A880002DB8F /* HomeViewModel.swift */ = {isa = PBXFileReference; lastKnownFileType = sourcecode.swift; path = HomeViewModel.swift; sourceTree = "<group>"; };
		52BD303F29B9822D0002DB8F /* ActivityModel.swift */ = {isa = PBXFileReference; lastKnownFileType = sourcecode.swift; path = ActivityModel.swift; sourceTree = "<group>"; };
		52BD304129B9DAD50002DB8F /* HomeSubController.swift */ = {isa = PBXFileReference; lastKnownFileType = sourcecode.swift; path = HomeSubController.swift; sourceTree = "<group>"; };
		52BD304329BAD6A10002DB8F /* HomeCell.swift */ = {isa = PBXFileReference; lastKnownFileType = sourcecode.swift; path = HomeCell.swift; sourceTree = "<group>"; };
		52BD304529BAFCC60002DB8F /* HomeSubViewModel.swift */ = {isa = PBXFileReference; lastKnownFileType = sourcecode.swift; path = HomeSubViewModel.swift; sourceTree = "<group>"; };
		52E4F1012993803700A8FE32 /* ViewModelProtocol.swift */ = {isa = PBXFileReference; lastKnownFileType = sourcecode.swift; path = ViewModelProtocol.swift; sourceTree = "<group>"; };
		52E4F1042993812F00A8FE32 /* LoginViewModel.swift */ = {isa = PBXFileReference; lastKnownFileType = sourcecode.swift; path = LoginViewModel.swift; sourceTree = "<group>"; };
		5873A06DE559ED7D90DAD213 /* Pods_EveryoneSpeaks.framework */ = {isa = PBXFileReference; explicitFileType = wrapper.framework; includeInIndex = 0; path = Pods_EveryoneSpeaks.framework; sourceTree = BUILT_PRODUCTS_DIR; };
/* End PBXFileReference section */

/* Begin PBXFrameworksBuildPhase section */
		52713F2A2990DB7000BA8D11 /* Frameworks */ = {
			isa = PBXFrameworksBuildPhase;
			buildActionMask = 2147483647;
			files = (
				8837D74647BB43EB020835F1 /* Pods_EveryoneSpeaks.framework in Frameworks */,
			);
			runOnlyForDeploymentPostprocessing = 0;
		};
/* End PBXFrameworksBuildPhase section */

/* Begin PBXGroup section */
		0847F2DFFDEC30B2E5B4199D /* Frameworks */ = {
			isa = PBXGroup;
			children = (
				5873A06DE559ED7D90DAD213 /* Pods_EveryoneSpeaks.framework */,
			);
			name = Frameworks;
			sourceTree = "<group>";
		};
		524DE4BD29A5B8DB008D1A8A /* View */ = {
			isa = PBXGroup;
			children = (
				524DE4DB29AD9877008D1A8A /* BaseView.swift */,
				524DE4E229ADCD6E008D1A8A /* GradientView.swift */,
			);
			path = View;
			sourceTree = "<group>";
		};
		524DE4C329A5B92C008D1A8A /* Model */ = {
			isa = PBXGroup;
			children = (
				524DE4C529A5B952008D1A8A /* WechatAccessModel.swift */,
				524DE4D529AC84B3008D1A8A /* UserInfoModel.swift */,
			);
			path = Model;
			sourceTree = "<group>";
		};
		524DE4C429A5B92C008D1A8A /* View */ = {
			isa = PBXGroup;
			children = (
				524DE4E629AE1AD2008D1A8A /* MainLoginView.swift */,
			);
			path = View;
			sourceTree = "<group>";
		};
		524DE4C929A85E87008D1A8A /* Model */ = {
			isa = PBXGroup;
			children = (
				524DE4CA29A85EA7008D1A8A /* BaseModel.swift */,
				524DE4CE29A85F72008D1A8A /* CustomerError.swift */,
			);
			path = Model;
			sourceTree = "<group>";
		};
		524DE4D029A86561008D1A8A /* Extension */ = {
			isa = PBXGroup;
			children = (
				524DE4D129A86579008D1A8A /* BaseExtension.swift */,
			);
			path = Extension;
			sourceTree = "<group>";
		};
		524DE4D729ACAA2A008D1A8A /* Controller */ = {
			isa = PBXGroup;
			children = (
				524DE4EA29AE2361008D1A8A /* MineController.swift */,
				524DE4EC29AE2598008D1A8A /* RootController.swift */,
			);
			path = Controller;
			sourceTree = "<group>";
		};
		524DE4D829AD9822008D1A8A /* Privacy */ = {
			isa = PBXGroup;
			children = (
				524DE4D929AD9822008D1A8A /* ViewModel */,
				524DE4DA29AD9822008D1A8A /* View */,
			);
			path = Privacy;
			sourceTree = "<group>";
		};
		524DE4D929AD9822008D1A8A /* ViewModel */ = {
			isa = PBXGroup;
			children = (
				524DE4E429ADE1D2008D1A8A /* PrivacyViewModel.swift */,
			);
			path = ViewModel;
			sourceTree = "<group>";
		};
		524DE4DA29AD9822008D1A8A /* View */ = {
			isa = PBXGroup;
			children = (
				524DE4DD29AD989A008D1A8A /* PrivacyView.swift */,
			);
			path = View;
			sourceTree = "<group>";
		};
		524DE4DF29ADA708008D1A8A /* Header */ = {
			isa = PBXGroup;
			children = (
				524DE4E029ADA73C008D1A8A /* CommenLib.swift */,
			);
			path = Header;
			sourceTree = "<group>";
		};
		52713F242990DB7000BA8D11 = {
			isa = PBXGroup;
			children = (
				52713F582991F26600BA8D11 /* AppConfig */,
				52713F5D2992470900BA8D11 /* Base */,
				524DE4BA29A4CCF3008D1A8A /* EveryoneSpeaks.entitlements */,
				0847F2DFFDEC30B2E5B4199D /* Frameworks */,
				52BD303429B898470002DB8F /* Home */,
				52713F442990DDF600BA8D11 /* Launch */,
				52713F4F2990DDF600BA8D11 /* Login */,
				E09A6CEF6784279A83472E25 /* Pods */,
				524DE4D829AD9822008D1A8A /* Privacy */,
				52713F2E2990DB7000BA8D11 /* Products */,
				52713F472990DDF600BA8D11 /* Resource */,
				52713F4E2990DDF600BA8D11 /* Root */,
			);
			sourceTree = "<group>";
		};
		52713F2E2990DB7000BA8D11 /* Products */ = {
			isa = PBXGroup;
			children = (
				52713F2D2990DB7000BA8D11 /* EveryoneSpeaks.app */,
			);
			name = Products;
			sourceTree = "<group>";
		};
		52713F442990DDF600BA8D11 /* Launch */ = {
			isa = PBXGroup;
			children = (
				52713F452990DDF600BA8D11 /* AppDelegate.swift */,
				52713F462990DDF600BA8D11 /* SceneDelegate.swift */,
				52713F5B299242E900BA8D11 /* Navigator.swift */,
				524DE4BB29A4E70F008D1A8A /* LibManager.swift */,
			);
			path = Launch;
			sourceTree = "<group>";
		};
		52713F472990DDF600BA8D11 /* Resource */ = {
			isa = PBXGroup;
			children = (
				52713F482990DDF600BA8D11 /* Assets.xcassets */,
				52713F492990DDF600BA8D11 /* LaunchScreen.storyboard */,
				52713F4D2990DDF600BA8D11 /* Info.plist */,
				524DE4B929A4C8CE008D1A8A /* EveryoneSpeaks-Bridging-Header.h */,
			);
			path = Resource;
			sourceTree = "<group>";
		};
		52713F4E2990DDF600BA8D11 /* Root */ = {
			isa = PBXGroup;
			children = (
				524DE4D729ACAA2A008D1A8A /* Controller */,
			);
			path = Root;
			sourceTree = "<group>";
		};
		52713F4F2990DDF600BA8D11 /* Login */ = {
			isa = PBXGroup;
			children = (
				524DE4C329A5B92C008D1A8A /* Model */,
				524DE4C429A5B92C008D1A8A /* View */,
				52E4F1032993811900A8FE32 /* ViewModel */,
				52713F642992485A00BA8D11 /* Controller */,
			);
			path = Login;
			sourceTree = "<group>";
		};
		52713F582991F26600BA8D11 /* AppConfig */ = {
			isa = PBXGroup;
			children = (
				52713F592991F2BE00BA8D11 /* AppConfig.swift */,
				524DE4F129B1C1D0008D1A8A /* NetworkMonitor.swift */,
			);
			path = AppConfig;
			sourceTree = "<group>";
		};
		52713F5D2992470900BA8D11 /* Base */ = {
			isa = PBXGroup;
			children = (
				52BD302B29B82B010002DB8F /* Animation */,
				524DE4DF29ADA708008D1A8A /* Header */,
				524DE4D029A86561008D1A8A /* Extension */,
				524DE4C929A85E87008D1A8A /* Model */,
				524DE4BD29A5B8DB008D1A8A /* View */,
				5282EE85299B58ED005710F2 /* API */,
				52713F5E2992470900BA8D11 /* ViewModel */,
				52713F5F2992470900BA8D11 /* Controller */,
			);
			path = Base;
			sourceTree = "<group>";
		};
		52713F5E2992470900BA8D11 /* ViewModel */ = {
			isa = PBXGroup;
			children = (
				52E4F1012993803700A8FE32 /* ViewModelProtocol.swift */,
			);
			path = ViewModel;
			sourceTree = "<group>";
		};
		52713F5F2992470900BA8D11 /* Controller */ = {
			isa = PBXGroup;
			children = (
				52713F622992472400BA8D11 /* BaseController.swift */,
			);
			path = Controller;
			sourceTree = "<group>";
		};
		52713F642992485A00BA8D11 /* Controller */ = {
			isa = PBXGroup;
			children = (
				52713F652992489800BA8D11 /* LoginController.swift */,
			);
			path = Controller;
			sourceTree = "<group>";
		};
		5282EE85299B58ED005710F2 /* API */ = {
			isa = PBXGroup;
			children = (
				5282EE86299B5903005710F2 /* APIServices.swift */,
			);
			path = API;
			sourceTree = "<group>";
		};
		52BD302B29B82B010002DB8F /* Animation */ = {
			isa = PBXGroup;
			children = (
				52BD302C29B82B4A0002DB8F /* PresentAnimator.swift */,
				52BD302E29B82CA60002DB8F /* PresentationController.swift */,
				52BD303229B86D450002DB8F /* PresentController.swift */,
			);
			path = Animation;
			sourceTree = "<group>";
		};
		52BD303429B898470002DB8F /* Home */ = {
			isa = PBXGroup;
			children = (
				52BD303529B898470002DB8F /* ViewModel */,
				52BD303629B898470002DB8F /* Controller */,
				52BD303829B898470002DB8F /* Model */,
				52BD303929B898470002DB8F /* View */,
			);
			path = Home;
			sourceTree = "<group>";
		};
		52BD303529B898470002DB8F /* ViewModel */ = {
			isa = PBXGroup;
			children = (
				52BD303D29B89A880002DB8F /* HomeViewModel.swift */,
				52BD304529BAFCC60002DB8F /* HomeSubViewModel.swift */,
				5275162329BC178B00341856 /* HomeCellViewModel.swift */,
			);
			path = ViewModel;
			sourceTree = "<group>";
		};
		52BD303629B898470002DB8F /* Controller */ = {
			isa = PBXGroup;
			children = (
				52BD303729B898470002DB8F /* HomeController.swift */,
				52BD304129B9DAD50002DB8F /* HomeSubController.swift */,
			);
			path = Controller;
			sourceTree = "<group>";
		};
		52BD303829B898470002DB8F /* Model */ = {
			isa = PBXGroup;
			children = (
				52BD303A29B898940002DB8F /* ChannelClassificationModel.swift */,
				52BD303F29B9822D0002DB8F /* ActivityModel.swift */,
			);
			path = Model;
			sourceTree = "<group>";
		};
		52BD303929B898470002DB8F /* View */ = {
			isa = PBXGroup;
			children = (
				52BD304329BAD6A10002DB8F /* HomeCell.swift */,
			);
			path = View;
			sourceTree = "<group>";
		};
		52E4F1032993811900A8FE32 /* ViewModel */ = {
			isa = PBXGroup;
			children = (
				52E4F1042993812F00A8FE32 /* LoginViewModel.swift */,
			);
			path = ViewModel;
			sourceTree = "<group>";
		};
		E09A6CEF6784279A83472E25 /* Pods */ = {
			isa = PBXGroup;
			children = (
				4B1112AD1DEBA42F2AEBBD06 /* Pods-EveryoneSpeaks.debug.xcconfig */,
				364556375CD9FE76CC3A1011 /* Pods-EveryoneSpeaks.release.xcconfig */,
			);
			path = Pods;
			sourceTree = "<group>";
		};
/* End PBXGroup section */

/* Begin PBXNativeTarget section */
		52713F2C2990DB7000BA8D11 /* EveryoneSpeaks */ = {
			isa = PBXNativeTarget;
			buildConfigurationList = 52713F412990DB7100BA8D11 /* Build configuration list for PBXNativeTarget "EveryoneSpeaks" */;
			buildPhases = (
				D3C2CCA4D7D5547104CAEE1F /* [CP] Check Pods Manifest.lock */,
				52713F292990DB7000BA8D11 /* Sources */,
				52713F2A2990DB7000BA8D11 /* Frameworks */,
				52713F2B2990DB7000BA8D11 /* Resources */,
				1D41EEADC76C40EC6312BEFD /* [CP] Embed Pods Frameworks */,
			);
			buildRules = (
			);
			dependencies = (
			);
			name = EveryoneSpeaks;
			productName = EveryoneSpeaks;
			productReference = 52713F2D2990DB7000BA8D11 /* EveryoneSpeaks.app */;
			productType = "com.apple.product-type.application";
		};
/* End PBXNativeTarget section */

/* Begin PBXProject section */
		52713F252990DB7000BA8D11 /* Project object */ = {
			isa = PBXProject;
			attributes = {
				BuildIndependentTargetsInParallel = 1;
				LastSwiftUpdateCheck = 1420;
				LastUpgradeCheck = 1420;
				TargetAttributes = {
					52713F2C2990DB7000BA8D11 = {
						CreatedOnToolsVersion = 14.2;
					};
				};
			};
			buildConfigurationList = 52713F282990DB7000BA8D11 /* Build configuration list for PBXProject "EveryoneSpeaks" */;
			compatibilityVersion = "Xcode 13.0";
			developmentRegion = en;
			hasScannedForEncodings = 0;
			knownRegions = (
				en,
				Base,
			);
			mainGroup = 52713F242990DB7000BA8D11;
			productRefGroup = 52713F2E2990DB7000BA8D11 /* Products */;
			projectDirPath = "";
			projectRoot = "";
			targets = (
				52713F2C2990DB7000BA8D11 /* EveryoneSpeaks */,
			);
		};
/* End PBXProject section */

/* Begin PBXResourcesBuildPhase section */
		52713F2B2990DB7000BA8D11 /* Resources */ = {
			isa = PBXResourcesBuildPhase;
			buildActionMask = 2147483647;
			files = (
				52713F532990DDF600BA8D11 /* Assets.xcassets in Resources */,
				52713F542990DDF600BA8D11 /* LaunchScreen.storyboard in Resources */,
			);
			runOnlyForDeploymentPostprocessing = 0;
		};
/* End PBXResourcesBuildPhase section */

/* Begin PBXShellScriptBuildPhase section */
		1D41EEADC76C40EC6312BEFD /* [CP] Embed Pods Frameworks */ = {
			isa = PBXShellScriptBuildPhase;
			buildActionMask = 2147483647;
			files = (
			);
			inputFileListPaths = (
				"${PODS_ROOT}/Target Support Files/Pods-EveryoneSpeaks/Pods-EveryoneSpeaks-frameworks-${CONFIGURATION}-input-files.xcfilelist",
			);
			name = "[CP] Embed Pods Frameworks";
			outputFileListPaths = (
				"${PODS_ROOT}/Target Support Files/Pods-EveryoneSpeaks/Pods-EveryoneSpeaks-frameworks-${CONFIGURATION}-output-files.xcfilelist",
			);
			runOnlyForDeploymentPostprocessing = 0;
			shellPath = /bin/sh;
			shellScript = "\"${PODS_ROOT}/Target Support Files/Pods-EveryoneSpeaks/Pods-EveryoneSpeaks-frameworks.sh\"\n";
			showEnvVarsInLog = 0;
		};
		D3C2CCA4D7D5547104CAEE1F /* [CP] Check Pods Manifest.lock */ = {
			isa = PBXShellScriptBuildPhase;
			buildActionMask = 2147483647;
			files = (
			);
			inputFileListPaths = (
			);
			inputPaths = (
				"${PODS_PODFILE_DIR_PATH}/Podfile.lock",
				"${PODS_ROOT}/Manifest.lock",
			);
			name = "[CP] Check Pods Manifest.lock";
			outputFileListPaths = (
			);
			outputPaths = (
				"$(DERIVED_FILE_DIR)/Pods-EveryoneSpeaks-checkManifestLockResult.txt",
			);
			runOnlyForDeploymentPostprocessing = 0;
			shellPath = /bin/sh;
			shellScript = "diff \"${PODS_PODFILE_DIR_PATH}/Podfile.lock\" \"${PODS_ROOT}/Manifest.lock\" > /dev/null\nif [ $? != 0 ] ; then\n    # print error to STDERR\n    echo \"error: The sandbox is not in sync with the Podfile.lock. Run 'pod install' or update your CocoaPods installation.\" >&2\n    exit 1\nfi\n# This output is used by Xcode 'outputs' to avoid re-running this script phase.\necho \"SUCCESS\" > \"${SCRIPT_OUTPUT_FILE_0}\"\n";
			showEnvVarsInLog = 0;
		};
/* End PBXShellScriptBuildPhase section */

/* Begin PBXSourcesBuildPhase section */
		52713F292990DB7000BA8D11 /* Sources */ = {
			isa = PBXSourcesBuildPhase;
			buildActionMask = 2147483647;
			files = (
				52BD303C29B899590002DB8F /* HomeController.swift in Sources */,
				524DE4E329ADCD6E008D1A8A /* GradientView.swift in Sources */,
				52BD303329B86D450002DB8F /* PresentController.swift in Sources */,
				52713F5A2991F2BE00BA8D11 /* AppConfig.swift in Sources */,
				52BD302F29B82CA60002DB8F /* PresentationController.swift in Sources */,
				52713F662992489800BA8D11 /* LoginController.swift in Sources */,
				524DE4E529ADE1D2008D1A8A /* PrivacyViewModel.swift in Sources */,
				5275162429BC178B00341856 /* HomeCellViewModel.swift in Sources */,
				52BD303B29B898940002DB8F /* ChannelClassificationModel.swift in Sources */,
				524DE4D229A86579008D1A8A /* BaseExtension.swift in Sources */,
				52BD304229B9DAD50002DB8F /* HomeSubController.swift in Sources */,
				52713F5C299242E900BA8D11 /* Navigator.swift in Sources */,
				52BD304029B9822D0002DB8F /* ActivityModel.swift in Sources */,
				524DE4BC29A4E70F008D1A8A /* LibManager.swift in Sources */,
				52713F632992472400BA8D11 /* BaseController.swift in Sources */,
				524DE4CF29A85F72008D1A8A /* CustomerError.swift in Sources */,
				52BD303E29B89A880002DB8F /* HomeViewModel.swift in Sources */,
				52BD302D29B82B4A0002DB8F /* PresentAnimator.swift in Sources */,
				524DE4E729AE1AD2008D1A8A /* MainLoginView.swift in Sources */,
				524DE4DE29AD989A008D1A8A /* PrivacyView.swift in Sources */,
				524DE4F229B1C1D0008D1A8A /* NetworkMonitor.swift in Sources */,
				52E4F1052993812F00A8FE32 /* LoginViewModel.swift in Sources */,
				524DE4CB29A85EA7008D1A8A /* BaseModel.swift in Sources */,
				524DE4D629AC84B3008D1A8A /* UserInfoModel.swift in Sources */,
				52E4F1022993803700A8FE32 /* ViewModelProtocol.swift in Sources */,
				52BD304629BAFCC60002DB8F /* HomeSubViewModel.swift in Sources */,
				52713F512990DDF600BA8D11 /* AppDelegate.swift in Sources */,
				52BD304429BAD6A10002DB8F /* HomeCell.swift in Sources */,
				524DE4C629A5B952008D1A8A /* WechatAccessModel.swift in Sources */,
				524DE4E129ADA73C008D1A8A /* CommenLib.swift in Sources */,
				52713F522990DDF600BA8D11 /* SceneDelegate.swift in Sources */,
				524DE4EB29AE2361008D1A8A /* MineController.swift in Sources */,
				5282EE87299B5903005710F2 /* APIServices.swift in Sources */,
				524DE4DC29AD9877008D1A8A /* BaseView.swift in Sources */,
				524DE4ED29AE2598008D1A8A /* RootController.swift in Sources */,
			);
			runOnlyForDeploymentPostprocessing = 0;
		};
/* End PBXSourcesBuildPhase section */

/* Begin PBXVariantGroup section */
		52713F492990DDF600BA8D11 /* LaunchScreen.storyboard */ = {
			isa = PBXVariantGroup;
			children = (
				52713F4A2990DDF600BA8D11 /* Base */,
			);
			name = LaunchScreen.storyboard;
			sourceTree = "<group>";
		};
/* End PBXVariantGroup section */

/* Begin XCBuildConfiguration section */
		52713F3F2990DB7100BA8D11 /* Debug */ = {
			isa = XCBuildConfiguration;
			buildSettings = {
				ALWAYS_SEARCH_USER_PATHS = NO;
				CLANG_ANALYZER_NONNULL = YES;
				CLANG_ANALYZER_NUMBER_OBJECT_CONVERSION = YES_AGGRESSIVE;
				CLANG_CXX_LANGUAGE_STANDARD = "gnu++20";
				CLANG_ENABLE_MODULES = YES;
				CLANG_ENABLE_OBJC_ARC = YES;
				CLANG_ENABLE_OBJC_WEAK = YES;
				CLANG_WARN_BLOCK_CAPTURE_AUTORELEASING = YES;
				CLANG_WARN_BOOL_CONVERSION = YES;
				CLANG_WARN_COMMA = YES;
				CLANG_WARN_CONSTANT_CONVERSION = YES;
				CLANG_WARN_DEPRECATED_OBJC_IMPLEMENTATIONS = YES;
				CLANG_WARN_DIRECT_OBJC_ISA_USAGE = YES_ERROR;
				CLANG_WARN_DOCUMENTATION_COMMENTS = YES;
				CLANG_WARN_EMPTY_BODY = YES;
				CLANG_WARN_ENUM_CONVERSION = YES;
				CLANG_WARN_INFINITE_RECURSION = YES;
				CLANG_WARN_INT_CONVERSION = YES;
				CLANG_WARN_NON_LITERAL_NULL_CONVERSION = YES;
				CLANG_WARN_OBJC_IMPLICIT_RETAIN_SELF = YES;
				CLANG_WARN_OBJC_LITERAL_CONVERSION = YES;
				CLANG_WARN_OBJC_ROOT_CLASS = YES_ERROR;
				CLANG_WARN_QUOTED_INCLUDE_IN_FRAMEWORK_HEADER = YES;
				CLANG_WARN_RANGE_LOOP_ANALYSIS = YES;
				CLANG_WARN_STRICT_PROTOTYPES = YES;
				CLANG_WARN_SUSPICIOUS_MOVE = YES;
				CLANG_WARN_UNGUARDED_AVAILABILITY = YES_AGGRESSIVE;
				CLANG_WARN_UNREACHABLE_CODE = YES;
				CLANG_WARN__DUPLICATE_METHOD_MATCH = YES;
				COPY_PHASE_STRIP = NO;
				DEBUG_INFORMATION_FORMAT = dwarf;
				ENABLE_STRICT_OBJC_MSGSEND = YES;
				ENABLE_TESTABILITY = YES;
				GCC_C_LANGUAGE_STANDARD = gnu11;
				GCC_DYNAMIC_NO_PIC = NO;
				GCC_NO_COMMON_BLOCKS = YES;
				GCC_OPTIMIZATION_LEVEL = 0;
				GCC_PREPROCESSOR_DEFINITIONS = (
					"DEBUG=1",
					"$(inherited)",
				);
				GCC_WARN_64_TO_32_BIT_CONVERSION = YES;
				GCC_WARN_ABOUT_RETURN_TYPE = YES_ERROR;
				GCC_WARN_UNDECLARED_SELECTOR = YES;
				GCC_WARN_UNINITIALIZED_AUTOS = YES_AGGRESSIVE;
				GCC_WARN_UNUSED_FUNCTION = YES;
				GCC_WARN_UNUSED_VARIABLE = YES;
				IPHONEOS_DEPLOYMENT_TARGET = 11.0;
				MTL_ENABLE_DEBUG_INFO = INCLUDE_SOURCE;
				MTL_FAST_MATH = YES;
				ONLY_ACTIVE_ARCH = YES;
				SDKROOT = iphoneos;
				SWIFT_ACTIVE_COMPILATION_CONDITIONS = DEBUG;
				SWIFT_OPTIMIZATION_LEVEL = "-Onone";
			};
			name = Debug;
		};
		52713F402990DB7100BA8D11 /* Release */ = {
			isa = XCBuildConfiguration;
			buildSettings = {
				ALWAYS_SEARCH_USER_PATHS = NO;
				CLANG_ANALYZER_NONNULL = YES;
				CLANG_ANALYZER_NUMBER_OBJECT_CONVERSION = YES_AGGRESSIVE;
				CLANG_CXX_LANGUAGE_STANDARD = "gnu++20";
				CLANG_ENABLE_MODULES = YES;
				CLANG_ENABLE_OBJC_ARC = YES;
				CLANG_ENABLE_OBJC_WEAK = YES;
				CLANG_WARN_BLOCK_CAPTURE_AUTORELEASING = YES;
				CLANG_WARN_BOOL_CONVERSION = YES;
				CLANG_WARN_COMMA = YES;
				CLANG_WARN_CONSTANT_CONVERSION = YES;
				CLANG_WARN_DEPRECATED_OBJC_IMPLEMENTATIONS = YES;
				CLANG_WARN_DIRECT_OBJC_ISA_USAGE = YES_ERROR;
				CLANG_WARN_DOCUMENTATION_COMMENTS = YES;
				CLANG_WARN_EMPTY_BODY = YES;
				CLANG_WARN_ENUM_CONVERSION = YES;
				CLANG_WARN_INFINITE_RECURSION = YES;
				CLANG_WARN_INT_CONVERSION = YES;
				CLANG_WARN_NON_LITERAL_NULL_CONVERSION = YES;
				CLANG_WARN_OBJC_IMPLICIT_RETAIN_SELF = YES;
				CLANG_WARN_OBJC_LITERAL_CONVERSION = YES;
				CLANG_WARN_OBJC_ROOT_CLASS = YES_ERROR;
				CLANG_WARN_QUOTED_INCLUDE_IN_FRAMEWORK_HEADER = YES;
				CLANG_WARN_RANGE_LOOP_ANALYSIS = YES;
				CLANG_WARN_STRICT_PROTOTYPES = YES;
				CLANG_WARN_SUSPICIOUS_MOVE = YES;
				CLANG_WARN_UNGUARDED_AVAILABILITY = YES_AGGRESSIVE;
				CLANG_WARN_UNREACHABLE_CODE = YES;
				CLANG_WARN__DUPLICATE_METHOD_MATCH = YES;
				COPY_PHASE_STRIP = NO;
				DEBUG_INFORMATION_FORMAT = "dwarf-with-dsym";
				ENABLE_NS_ASSERTIONS = NO;
				ENABLE_STRICT_OBJC_MSGSEND = YES;
				GCC_C_LANGUAGE_STANDARD = gnu11;
				GCC_NO_COMMON_BLOCKS = YES;
				GCC_WARN_64_TO_32_BIT_CONVERSION = YES;
				GCC_WARN_ABOUT_RETURN_TYPE = YES_ERROR;
				GCC_WARN_UNDECLARED_SELECTOR = YES;
				GCC_WARN_UNINITIALIZED_AUTOS = YES_AGGRESSIVE;
				GCC_WARN_UNUSED_FUNCTION = YES;
				GCC_WARN_UNUSED_VARIABLE = YES;
				IPHONEOS_DEPLOYMENT_TARGET = 11.0;
				MTL_ENABLE_DEBUG_INFO = NO;
				MTL_FAST_MATH = YES;
				SDKROOT = iphoneos;
				SWIFT_COMPILATION_MODE = wholemodule;
				SWIFT_OPTIMIZATION_LEVEL = "-O";
				VALIDATE_PRODUCT = YES;
			};
			name = Release;
		};
		52713F422990DB7100BA8D11 /* Debug */ = {
			isa = XCBuildConfiguration;
			baseConfigurationReference = 4B1112AD1DEBA42F2AEBBD06 /* Pods-EveryoneSpeaks.debug.xcconfig */;
			buildSettings = {
				ASSETCATALOG_COMPILER_APPICON_NAME = AppIcon;
				ASSETCATALOG_COMPILER_GLOBAL_ACCENT_COLOR_NAME = AccentColor;
				CODE_SIGN_ENTITLEMENTS = EveryoneSpeaks.entitlements;
				CODE_SIGN_STYLE = Automatic;
				CURRENT_PROJECT_VERSION = 1;
				DEVELOPMENT_TEAM = QH7TA876TJ;
				GENERATE_INFOPLIST_FILE = YES;
				INFOPLIST_FILE = Resource/Info.plist;
				INFOPLIST_KEY_CFBundleDisplayName = "人人讲";
				INFOPLIST_KEY_UIApplicationSupportsIndirectInputEvents = YES;
				INFOPLIST_KEY_UILaunchStoryboardName = LaunchScreen;
				INFOPLIST_KEY_UISupportedInterfaceOrientations_iPad = "UIInterfaceOrientationPortrait UIInterfaceOrientationPortraitUpsideDown UIInterfaceOrientationLandscapeLeft UIInterfaceOrientationLandscapeRight";
				INFOPLIST_KEY_UISupportedInterfaceOrientations_iPhone = "UIInterfaceOrientationPortrait UIInterfaceOrientationLandscapeLeft UIInterfaceOrientationLandscapeRight";
				IPHONEOS_DEPLOYMENT_TARGET = 11.0;
				LD_RUNPATH_SEARCH_PATHS = (
					"$(inherited)",
					"@executable_path/Frameworks",
				);
				MARKETING_VERSION = 1.0;
				PRODUCT_BUNDLE_IDENTIFIER = com.rayclear.yszb;
				PRODUCT_NAME = "$(TARGET_NAME)";
				SWIFT_EMIT_LOC_STRINGS = YES;
				SWIFT_OBJC_BRIDGING_HEADER = "$(SRCROOT)/Resource/EveryoneSpeaks-Bridging-Header.h";
				SWIFT_VERSION = 5.0;
				TARGETED_DEVICE_FAMILY = "1,2";
			};
			name = Debug;
		};
		52713F432990DB7100BA8D11 /* Release */ = {
			isa = XCBuildConfiguration;
			baseConfigurationReference = 364556375CD9FE76CC3A1011 /* Pods-EveryoneSpeaks.release.xcconfig */;
			buildSettings = {
				ASSETCATALOG_COMPILER_APPICON_NAME = AppIcon;
				ASSETCATALOG_COMPILER_GLOBAL_ACCENT_COLOR_NAME = AccentColor;
				CODE_SIGN_ENTITLEMENTS = EveryoneSpeaks.entitlements;
				CODE_SIGN_STYLE = Automatic;
				CURRENT_PROJECT_VERSION = 1;
				DEVELOPMENT_TEAM = QH7TA876TJ;
				GENERATE_INFOPLIST_FILE = YES;
				INFOPLIST_FILE = Resource/Info.plist;
				INFOPLIST_KEY_CFBundleDisplayName = "人人讲";
				INFOPLIST_KEY_UIApplicationSupportsIndirectInputEvents = YES;
				INFOPLIST_KEY_UILaunchStoryboardName = LaunchScreen;
				INFOPLIST_KEY_UISupportedInterfaceOrientations_iPad = "UIInterfaceOrientationPortrait UIInterfaceOrientationPortraitUpsideDown UIInterfaceOrientationLandscapeLeft UIInterfaceOrientationLandscapeRight";
				INFOPLIST_KEY_UISupportedInterfaceOrientations_iPhone = "UIInterfaceOrientationPortrait UIInterfaceOrientationLandscapeLeft UIInterfaceOrientationLandscapeRight";
				IPHONEOS_DEPLOYMENT_TARGET = 11.0;
				LD_RUNPATH_SEARCH_PATHS = (
					"$(inherited)",
					"@executable_path/Frameworks",
				);
				MARKETING_VERSION = 1.0;
				PRODUCT_BUNDLE_IDENTIFIER = com.rayclear.yszb;
				PRODUCT_NAME = "$(TARGET_NAME)";
				SWIFT_EMIT_LOC_STRINGS = YES;
				SWIFT_OBJC_BRIDGING_HEADER = "$(SRCROOT)/Resource/EveryoneSpeaks-Bridging-Header.h";
				SWIFT_VERSION = 5.0;
				TARGETED_DEVICE_FAMILY = "1,2";
			};
			name = Release;
		};
/* End XCBuildConfiguration section */

/* Begin XCConfigurationList section */
		52713F282990DB7000BA8D11 /* Build configuration list for PBXProject "EveryoneSpeaks" */ = {
			isa = XCConfigurationList;
			buildConfigurations = (
				52713F3F2990DB7100BA8D11 /* Debug */,
				52713F402990DB7100BA8D11 /* Release */,
			);
			defaultConfigurationIsVisible = 0;
			defaultConfigurationName = Release;
		};
		52713F412990DB7100BA8D11 /* Build configuration list for PBXNativeTarget "EveryoneSpeaks" */ = {
			isa = XCConfigurationList;
			buildConfigurations = (
				52713F422990DB7100BA8D11 /* Debug */,
				52713F432990DB7100BA8D11 /* Release */,
			);
			defaultConfigurationIsVisible = 0;
			defaultConfigurationName = Release;
		};
/* End XCConfigurationList section */
	};
	rootObject = 52713F252990DB7000BA8D11 /* Project object */;
}
